// !$*UTF8*$!
{
	archiveVersion = 1;
	classes = {
	};
	objectVersion = 51;
	objects = {

/* Begin PBXBuildFile section */
		F570F55E2081016A003BBCAE /* AppDelegate.swift in Sources */ = {isa = PBXBuildFile; fileRef = F570F55D2081016A003BBCAE /* AppDelegate.swift */; };
		F570F5602081016A003BBCAE /* ViewController.swift in Sources */ = {isa = PBXBuildFile; fileRef = F570F55F2081016A003BBCAE /* ViewController.swift */; };
		F570F5632081016A003BBCAE /* Main.storyboard in Resources */ = {isa = PBXBuildFile; fileRef = F570F5612081016A003BBCAE /* Main.storyboard */; };
		F570F5652081016A003BBCAE /* Assets.xcassets in Resources */ = {isa = PBXBuildFile; fileRef = F570F5642081016A003BBCAE /* Assets.xcassets */; };
		F570F5682081016A003BBCAE /* LaunchScreen.storyboard in Resources */ = {isa = PBXBuildFile; fileRef = F570F5662081016A003BBCAE /* LaunchScreen.storyboard */; };
		F57AF028208CB49B005DB54C /* Game.swift in Sources */ = {isa = PBXBuildFile; fileRef = F57AF027208CB49B005DB54C /* Game.swift */; };
		F57AF02A208CB4C0005DB54C /* Card.swift in Sources */ = {isa = PBXBuildFile; fileRef = F57AF029208CB4C0005DB54C /* Card.swift */; };
		F5DC33C220922ED600D81172 /* CardDeck.swift in Sources */ = {isa = PBXBuildFile; fileRef = F5DC33C120922ED600D81172 /* CardDeck.swift */; };
		F5FC6B422090926900D5BA8D /* menuButton.swift in Sources */ = {isa = PBXBuildFile; fileRef = F5FC6B412090926900D5BA8D /* menuButton.swift */; };
/* End PBXBuildFile section */

/* Begin PBXFileReference section */
		F570F55A2081016A003BBCAE /* Set.app */ = {isa = PBXFileReference; explicitFileType = wrapper.application; includeInIndex = 0; path = Set.app; sourceTree = BUILT_PRODUCTS_DIR; };
		F570F55D2081016A003BBCAE /* AppDelegate.swift */ = {isa = PBXFileReference; lastKnownFileType = sourcecode.swift; path = AppDelegate.swift; sourceTree = "<group>"; };
		F570F55F2081016A003BBCAE /* ViewController.swift */ = {isa = PBXFileReference; lastKnownFileType = sourcecode.swift; path = ViewController.swift; sourceTree = "<group>"; };
		F570F5622081016A003BBCAE /* Base */ = {isa = PBXFileReference; lastKnownFileType = file.storyboard; name = Base; path = Base.lproj/Main.storyboard; sourceTree = "<group>"; };
		F570F5642081016A003BBCAE /* Assets.xcassets */ = {isa = PBXFileReference; lastKnownFileType = folder.assetcatalog; path = Assets.xcassets; sourceTree = "<group>"; };
		F570F5672081016A003BBCAE /* Base */ = {isa = PBXFileReference; lastKnownFileType = file.storyboard; name = Base; path = Base.lproj/LaunchScreen.storyboard; sourceTree = "<group>"; };
		F570F5692081016A003BBCAE /* Info.plist */ = {isa = PBXFileReference; lastKnownFileType = text.plist.xml; path = Info.plist; sourceTree = "<group>"; };
		F57AF027208CB49B005DB54C /* Game.swift */ = {isa = PBXFileReference; lastKnownFileType = sourcecode.swift; path = Game.swift; sourceTree = "<group>"; };
		F57AF029208CB4C0005DB54C /* Card.swift */ = {isa = PBXFileReference; lastKnownFileType = sourcecode.swift; path = Card.swift; sourceTree = "<group>"; };
		F5DC33C120922ED600D81172 /* CardDeck.swift */ = {isa = PBXFileReference; lastKnownFileType = sourcecode.swift; path = CardDeck.swift; sourceTree = "<group>"; };
		F5FC6B412090926900D5BA8D /* menuButton.swift */ = {isa = PBXFileReference; lastKnownFileType = sourcecode.swift; path = menuButton.swift; sourceTree = "<group>"; };
/* End PBXFileReference section */

/* Begin PBXFrameworksBuildPhase section */
		F570F5572081016A003BBCAE /* Frameworks */ = {
			isa = PBXFrameworksBuildPhase;
			buildActionMask = 2147483647;
			files = (
			);
			runOnlyForDeploymentPostprocessing = 0;
		};
/* End PBXFrameworksBuildPhase section */

/* Begin PBXGroup section */
		F570F5512081016A003BBCAE = {
			isa = PBXGroup;
			children = (
				F570F55C2081016A003BBCAE /* Set */,
				F570F55B2081016A003BBCAE /* Products */,
			);
			sourceTree = "<group>";
		};
		F570F55B2081016A003BBCAE /* Products */ = {
			isa = PBXGroup;
			children = (
				F570F55A2081016A003BBCAE /* Set.app */,
			);
			name = Products;
			sourceTree = "<group>";
		};
		F570F55C2081016A003BBCAE /* Set */ = {
			isa = PBXGroup;
			children = (
				F5FDA62321E393C500923B53 /* Controller */,
				F5FDA62221E3939600923B53 /* Model */,
				F575090F208D57FB006726BE /* Supporting Files */,
				F570F5612081016A003BBCAE /* Main.storyboard */,
				F570F5642081016A003BBCAE /* Assets.xcassets */,
				F570F5692081016A003BBCAE /* Info.plist */,
			);
			path = Set;
			sourceTree = "<group>";
		};
		F575090F208D57FB006726BE /* Supporting Files */ = {
			isa = PBXGroup;
			children = (
				F570F5662081016A003BBCAE /* LaunchScreen.storyboard */,
				F570F55D2081016A003BBCAE /* AppDelegate.swift */,
			);
			path = "Supporting Files";
			sourceTree = "<group>";
		};
		F5FDA62221E3939600923B53 /* Model */ = {
			isa = PBXGroup;
			children = (
				F5DC33C120922ED600D81172 /* CardDeck.swift */,
				F57AF027208CB49B005DB54C /* Game.swift */,
				F57AF029208CB4C0005DB54C /* Card.swift */,
			);
			path = Model;
			sourceTree = "<group>";
		};
		F5FDA62321E393C500923B53 /* Controller */ = {
			isa = PBXGroup;
			children = (
				F570F55F2081016A003BBCAE /* ViewController.swift */,
				F5FC6B412090926900D5BA8D /* menuButton.swift */,
			);
			path = Controller;
			sourceTree = "<group>";
		};
/* End PBXGroup section */

/* Begin PBXNativeTarget section */
		F570F5592081016A003BBCAE /* Set */ = {
			isa = PBXNativeTarget;
			buildConfigurationList = F570F56C2081016A003BBCAE /* Build configuration list for PBXNativeTarget "Set" */;
			buildPhases = (
				F570F5562081016A003BBCAE /* Sources */,
				F570F5572081016A003BBCAE /* Frameworks */,
				F570F5582081016A003BBCAE /* Resources */,
			);
			buildRules = (
			);
			dependencies = (
			);
			name = Set;
			productName = Set;
			productReference = F570F55A2081016A003BBCAE /* Set.app */;
			productType = "com.apple.product-type.application";
		};
/* End PBXNativeTarget section */

/* Begin PBXProject section */
		F570F5522081016A003BBCAE /* Project object */ = {
			isa = PBXProject;
			attributes = {
				LastSwiftUpdateCheck = 0920;
				LastUpgradeCheck = 1010;
				ORGANIZATIONNAME = "Vlad Md Golam";
				TargetAttributes = {
					F570F5592081016A003BBCAE = {
						CreatedOnToolsVersion = 9.2;
						LastSwiftMigration = 1010;
						ProvisioningStyle = Automatic;
					};
				};
			};
			buildConfigurationList = F570F5552081016A003BBCAE /* Build configuration list for PBXProject "Set" */;
			compatibilityVersion = "Xcode 10.0";
			developmentRegion = en;
			hasScannedForEncodings = 0;
			knownRegions = (
				en,
				Base,
			);
			mainGroup = F570F5512081016A003BBCAE;
			productRefGroup = F570F55B2081016A003BBCAE /* Products */;
			projectDirPath = "";
			projectRoot = "";
			targets = (
				F570F5592081016A003BBCAE /* Set */,
			);
		};
/* End PBXProject section */

/* Begin PBXResourcesBuildPhase section */
		F570F5582081016A003BBCAE /* Resources */ = {
			isa = PBXResourcesBuildPhase;
			buildActionMask = 2147483647;
			files = (
				F570F5682081016A003BBCAE /* LaunchScreen.storyboard in Resources */,
				F570F5652081016A003BBCAE /* Assets.xcassets in Resources */,
				F570F5632081016A003BBCAE /* Main.storyboard in Resources */,
			);
			runOnlyForDeploymentPostprocessing = 0;
		};
/* End PBXResourcesBuildPhase section */

/* Begin PBXSourcesBuildPhase section */
		F570F5562081016A003BBCAE /* Sources */ = {
			isa = PBXSourcesBuildPhase;
			buildActionMask = 2147483647;
			files = (
				F5DC33C220922ED600D81172 /* CardDeck.swift in Sources */,
				F570F5602081016A003BBCAE /* ViewController.swift in Sources */,
				F570F55E2081016A003BBCAE /* AppDelegate.swift in Sources */,
				F5FC6B422090926900D5BA8D /* menuButton.swift in Sources */,
				F57AF028208CB49B005DB54C /* Game.swift in Sources */,
				F57AF02A208CB4C0005DB54C /* Card.swift in Sources */,
			);
			runOnlyForDeploymentPostprocessing = 0;
		};
/* End PBXSourcesBuildPhase section */

/* Begin PBXVariantGroup section */
		F570F5612081016A003BBCAE /* Main.storyboard */ = {
			isa = PBXVariantGroup;
			children = (
				F570F5622081016A003BBCAE /* Base */,
			);
			name = Main.storyboard;
			sourceTree = "<group>";
		};
		F570F5662081016A003BBCAE /* LaunchScreen.storyboard */ = {
			isa = PBXVariantGroup;
			children = (
				F570F5672081016A003BBCAE /* Base */,
			);
			name = LaunchScreen.storyboard;
			sourceTree = "<group>";
		};
/* End PBXVariantGroup section */

/* Begin XCBuildConfiguration section */
		F570F56A2081016A003BBCAE /* Debug */ = {
			isa = XCBuildConfiguration;
			buildSettings = {
				ALWAYS_SEARCH_USER_PATHS = NO;
				CLANG_ANALYZER_NONNULL = YES;
				CLANG_ANALYZER_NUMBER_OBJECT_CONVERSION = YES_AGGRESSIVE;
				CLANG_CXX_LANGUAGE_STANDARD = "gnu++14";
				CLANG_CXX_LIBRARY = "libc++";
				CLANG_ENABLE_MODULES = YES;
				CLANG_ENABLE_OBJC_ARC = YES;
				CLANG_WARN_BLOCK_CAPTURE_AUTORELEASING = YES;
				CLANG_WARN_BOOL_CONVERSION = YES;
				CLANG_WARN_COMMA = YES;
				CLANG_WARN_CONSTANT_CONVERSION = YES;
				CLANG_WARN_DEPRECATED_OBJC_IMPLEMENTATIONS = YES;
				CLANG_WARN_DIRECT_OBJC_ISA_USAGE = YES_ERROR;
				CLANG_WARN_DOCUMENTATION_COMMENTS = YES;
				CLANG_WARN_EMPTY_BODY = YES;
				CLANG_WARN_ENUM_CONVERSION = YES;
				CLANG_WARN_INFINITE_RECURSION = YES;
				CLANG_WARN_INT_CONVERSION = YES;
				CLANG_WARN_NON_LITERAL_NULL_CONVERSION = YES;
				CLANG_WARN_OBJC_IMPLICIT_RETAIN_SELF = YES;
				CLANG_WARN_OBJC_LITERAL_CONVERSION = YES;
				CLANG_WARN_OBJC_ROOT_CLASS = YES_ERROR;
				CLANG_WARN_RANGE_LOOP_ANALYSIS = YES;
				CLANG_WARN_STRICT_PROTOTYPES = YES;
				CLANG_WARN_SUSPICIOUS_MOVE = YES;
				CLANG_WARN_UNGUARDED_AVAILABILITY = YES_AGGRESSIVE;
				CLANG_WARN_UNREACHABLE_CODE = YES;
				CLANG_WARN__DUPLICATE_METHOD_MATCH = YES;
				CODE_SIGN_IDENTITY = "iPhone Developer";
				COPY_PHASE_STRIP = NO;
				DEBUG_INFORMATION_FORMAT = dwarf;
				ENABLE_STRICT_OBJC_MSGSEND = YES;
				ENABLE_TESTABILITY = YES;
				GCC_C_LANGUAGE_STANDARD = gnu11;
				GCC_DYNAMIC_NO_PIC = NO;
				GCC_NO_COMMON_BLOCKS = YES;
				GCC_OPTIMIZATION_LEVEL = 0;
				GCC_PREPROCESSOR_DEFINITIONS = (
					"DEBUG=1",
					"$(inherited)",
				);
				GCC_WARN_64_TO_32_BIT_CONVERSION = YES;
				GCC_WARN_ABOUT_RETURN_TYPE = YES_ERROR;
				GCC_WARN_UNDECLARED_SELECTOR = YES;
				GCC_WARN_UNINITIALIZED_AUTOS = YES_AGGRESSIVE;
				GCC_WARN_UNUSED_FUNCTION = YES;
				GCC_WARN_UNUSED_VARIABLE = YES;
				IPHONEOS_DEPLOYMENT_TARGET = 12.1;
				MTL_ENABLE_DEBUG_INFO = YES;
				ONLY_ACTIVE_ARCH = YES;
				SDKROOT = iphoneos;
				SWIFT_ACTIVE_COMPILATION_CONDITIONS = DEBUG;
				SWIFT_OPTIMIZATION_LEVEL = "-Onone";
			};
			name = Debug;
		};
		F570F56B2081016A003BBCAE /* Release */ = {
			isa = XCBuildConfiguration;
			buildSettings = {
				ALWAYS_SEARCH_USER_PATHS = NO;
				CLANG_ANALYZER_NONNULL = YES;
				CLANG_ANALYZER_NUMBER_OBJECT_CONVERSION = YES_AGGRESSIVE;
				CLANG_CXX_LANGUAGE_STANDARD = "gnu++14";
				CLANG_CXX_LIBRARY = "libc++";
				CLANG_ENABLE_MODULES = YES;
				CLANG_ENABLE_OBJC_ARC = YES;
				CLANG_WARN_BLOCK_CAPTURE_AUTORELEASING = YES;
				CLANG_WARN_BOOL_CONVERSION = YES;
				CLANG_WARN_COMMA = YES;
				CLANG_WARN_CONSTANT_CONVERSION = YES;
				CLANG_WARN_DEPRECATED_OBJC_IMPLEMENTATIONS = YES;
				CLANG_WARN_DIRECT_OBJC_ISA_USAGE = YES_ERROR;
				CLANG_WARN_DOCUMENTATION_COMMENTS = YES;
				CLANG_WARN_EMPTY_BODY = YES;
				CLANG_WARN_ENUM_CONVERSION = YES;
				CLANG_WARN_INFINITE_RECURSION = YES;
				CLANG_WARN_INT_CONVERSION = YES;
				CLANG_WARN_NON_LITERAL_NULL_CONVERSION = YES;
				CLANG_WARN_OBJC_IMPLICIT_RETAIN_SELF = YES;
				CLANG_WARN_OBJC_LITERAL_CONVERSION = YES;
				CLANG_WARN_OBJC_ROOT_CLASS = YES_ERROR;
				CLANG_WARN_RANGE_LOOP_ANALYSIS = YES;
				CLANG_WARN_STRICT_PROTOTYPES = YES;
				CLANG_WARN_SUSPICIOUS_MOVE = YES;
				CLANG_WARN_UNGUARDED_AVAILABILITY = YES_AGGRESSIVE;
				CLANG_WARN_UNREACHABLE_CODE = YES;
				CLANG_WARN__DUPLICATE_METHOD_MATCH = YES;
				CODE_SIGN_IDENTITY = "iPhone Developer";
				COPY_PHASE_STRIP = NO;
				DEBUG_INFORMATION_FORMAT = "dwarf-with-dsym";
				ENABLE_NS_ASSERTIONS = NO;
				ENABLE_STRICT_OBJC_MSGSEND = YES;
				GCC_C_LANGUAGE_STANDARD = gnu11;
				GCC_NO_COMMON_BLOCKS = YES;
				GCC_WARN_64_TO_32_BIT_CONVERSION = YES;
				GCC_WARN_ABOUT_RETURN_TYPE = YES_ERROR;
				GCC_WARN_UNDECLARED_SELECTOR = YES;
				GCC_WARN_UNINITIALIZED_AUTOS = YES_AGGRESSIVE;
				GCC_WARN_UNUSED_FUNCTION = YES;
				GCC_WARN_UNUSED_VARIABLE = YES;
				IPHONEOS_DEPLOYMENT_TARGET = 12.1;
				MTL_ENABLE_DEBUG_INFO = NO;
				SDKROOT = iphoneos;
				SWIFT_COMPILATION_MODE = wholemodule;
				SWIFT_OPTIMIZATION_LEVEL = "-O";
				VALIDATE_PRODUCT = YES;
			};
			name = Release;
		};
		F570F56D2081016A003BBCAE /* Debug */ = {
			isa = XCBuildConfiguration;
			buildSettings = {
				ASSETCATALOG_COMPILER_APPICON_NAME = AppIcon;
				CODE_SIGN_STYLE = Automatic;
				DEVELOPMENT_TEAM = Y6R8745M52;
				INFOPLIST_FILE = Set/Info.plist;
				LD_RUNPATH_SEARCH_PATHS = (
					"$(inherited)",
					"@executable_path/Frameworks",
				);
				PRODUCT_BUNDLE_IDENTIFIER = me.mdgolam.Set;
				PRODUCT_NAME = "$(TARGET_NAME)";
				SWIFT_VERSION = 4.2;
				TARGETED_DEVICE_FAMILY = "1,2";
			};
			name = Debug;
		};
		F570F56E2081016A003BBCAE /* Release */ = {
			isa = XCBuildConfiguration;
			buildSettings = {
				ASSETCATALOG_COMPILER_APPICON_NAME = AppIcon;
				CODE_SIGN_STYLE = Automatic;
				DEVELOPMENT_TEAM = Y6R8745M52;
				INFOPLIST_FILE = Set/Info.plist;
				LD_RUNPATH_SEARCH_PATHS = (
					"$(inherited)",
					"@executable_path/Frameworks",
				);
				PRODUCT_BUNDLE_IDENTIFIER = me.mdgolam.Set;
				PRODUCT_NAME = "$(TARGET_NAME)";
				SWIFT_VERSION = 4.2;
				TARGETED_DEVICE_FAMILY = "1,2";
			};
			name = Release;
		};
/* End XCBuildConfiguration section */

/* Begin XCConfigurationList section */
		F570F5552081016A003BBCAE /* Build configuration list for PBXProject "Set" */ = {
			isa = XCConfigurationList;
			buildConfigurations = (
				F570F56A2081016A003BBCAE /* Debug */,
				F570F56B2081016A003BBCAE /* Release */,
			);
			defaultConfigurationIsVisible = 0;
			defaultConfigurationName = Release;
		};
		F570F56C2081016A003BBCAE /* Build configuration list for PBXNativeTarget "Set" */ = {
			isa = XCConfigurationList;
			buildConfigurations = (
				F570F56D2081016A003BBCAE /* Debug */,
				F570F56E2081016A003BBCAE /* Release */,
			);
			defaultConfigurationIsVisible = 0;
			defaultConfigurationName = Release;
		};
/* End XCConfigurationList section */
	};
	rootObject = F570F5522081016A003BBCAE /* Project object */;
}
